
Microsoft Visual Studio Solution File, Format Version 11.00
# Visual Studio 2010
Project("{E24C65DC-7377-472B-9ABA-BC803B73C61A}") = "DPSProjectTrackingService_localhost", ".", "{B12FBB22-BC1C-452D-AF5E-E9BF23DF3EF6}"
	ProjectSection(WebsiteProperties) = preProject
		TargetFrameworkMoniker = ".NETFramework,Version%3Dv3.5"
		Debug.AspNetCompiler.VirtualPath = "/DPSProjectTrackingService_localhost"
		Debug.AspNetCompiler.PhysicalPath = "..\..\Work\DPSProjectTrackingService_localhost\"
		Debug.AspNetCompiler.TargetPath = "PrecompiledWeb\DPSProjectTrackingService_localhost\"
		Debug.AspNetCompiler.Updateable = "true"
		Debug.AspNetCompiler.ForceOverwrite = "true"
		Debug.AspNetCompiler.FixedNames = "false"
		Debug.AspNetCompiler.Debug = "True"
		Release.AspNetCompiler.VirtualPath = "/DPSProjectTrackingService_localhost"
		Release.AspNetCompiler.PhysicalPath = "..\..\Work\DPSProjectTrackingService_localhost\"
		Release.AspNetCompiler.TargetPath = "PrecompiledWeb\DPSProjectTrackingService_localhost\"
		Release.AspNetCompiler.Updateable = "true"
		Release.AspNetCompiler.ForceOverwrite = "true"
		Release.AspNetCompiler.FixedNames = "false"
		Release.AspNetCompiler.Debug = "False"
		VWDPort = "51894"
	EndProjectSection
EndProject
Global
	GlobalSection(SolutionConfigurationPlatforms) = preSolution
		Debug|.NET = Debug|.NET
	EndGlobalSection
	GlobalSection(ProjectConfigurationPlatforms) = postSolution
		{B12FBB22-BC1C-452D-AF5E-E9BF23DF3EF6}.Debug|.NET.ActiveCfg = Debug|.NET
		{B12FBB22-BC1C-452D-AF5E-E9BF23DF3EF6}.Debug|.NET.Build.0 = Debug|.NET
	EndGlobalSection
	GlobalSection(SolutionProperties) = preSolution
		HideSolutionNode = FALSE
	EndGlobalSection
EndGlobal
